
Microsoft Visual Studio Solution File, Format Version 11.00
# Visual Studio 2010
# SharpDevelop 4.4
Project("{FD48973F-F585-4F70-812B-4D0503B36CE9}") = "Prog152a", "Prog152a\Prog152a.pyproj", "{D66A55E3-0EDA-4BF2-A490-8221C0E5F356}"
EndProject
Global
	GlobalSection(SolutionConfigurationPlatforms) = preSolution
		Debug|Any CPU = Debug|Any CPU
		Release|Any CPU = Release|Any CPU
	EndGlobalSection
	GlobalSection(ProjectConfigurationPlatforms) = postSolution
		{D66A55E3-0EDA-4BF2-A490-8221C0E5F356}.Debug|Any CPU.Build.0 = Debug|Any CPU
		{D66A55E3-0EDA-4BF2-A490-8221C0E5F356}.Debug|Any CPU.ActiveCfg = Debug|Any CPU
		{D66A55E3-0EDA-4BF2-A490-8221C0E5F356}.Release|Any CPU.Build.0 = Release|Any CPU
		{D66A55E3-0EDA-4BF2-A490-8221C0E5F356}.Release|Any CPU.ActiveCfg = Release|Any CPU
	EndGlobalSection
EndGlobal
