
Microsoft Visual Studio Solution File, Format Version 11.00
# Visual Studio 2010
# SharpDevelop 4.4
Project("{FD48973F-F585-4F70-812B-4D0503B36CE9}") = "prog122a", "prog122a\prog122a.pyproj", "{119FD55C-A374-42BE-A63F-133C9B98EC3A}"
EndProject
Global
	GlobalSection(SolutionConfigurationPlatforms) = preSolution
		Debug|Any CPU = Debug|Any CPU
		Release|Any CPU = Release|Any CPU
	EndGlobalSection
	GlobalSection(ProjectConfigurationPlatforms) = postSolution
		{119FD55C-A374-42BE-A63F-133C9B98EC3A}.Debug|Any CPU.Build.0 = Debug|Any CPU
		{119FD55C-A374-42BE-A63F-133C9B98EC3A}.Debug|Any CPU.ActiveCfg = Debug|Any CPU
		{119FD55C-A374-42BE-A63F-133C9B98EC3A}.Release|Any CPU.Build.0 = Release|Any CPU
		{119FD55C-A374-42BE-A63F-133C9B98EC3A}.Release|Any CPU.ActiveCfg = Release|Any CPU
	EndGlobalSection
EndGlobal
