
Microsoft Visual Studio Solution File, Format Version 11.00
# Visual Studio 2010
# SharpDevelop 4.4
Project("{FD48973F-F585-4F70-812B-4D0503B36CE9}") = "Prog122h", "Prog122h\Prog122h.pyproj", "{F41E027B-7966-4C85-9F0A-44100DAF4401}"
EndProject
Global
	GlobalSection(SolutionConfigurationPlatforms) = preSolution
		Debug|Any CPU = Debug|Any CPU
		Release|Any CPU = Release|Any CPU
	EndGlobalSection
	GlobalSection(ProjectConfigurationPlatforms) = postSolution
		{F41E027B-7966-4C85-9F0A-44100DAF4401}.Debug|Any CPU.Build.0 = Debug|Any CPU
		{F41E027B-7966-4C85-9F0A-44100DAF4401}.Debug|Any CPU.ActiveCfg = Debug|Any CPU
		{F41E027B-7966-4C85-9F0A-44100DAF4401}.Release|Any CPU.Build.0 = Release|Any CPU
		{F41E027B-7966-4C85-9F0A-44100DAF4401}.Release|Any CPU.ActiveCfg = Release|Any CPU
	EndGlobalSection
EndGlobal
