
Microsoft Visual Studio Solution File, Format Version 11.00
# Visual Studio 2010
# SharpDevelop 4.4
Project("{FD48973F-F585-4F70-812B-4D0503B36CE9}") = "prog2a", "prog2a\prog2a.pyproj", "{D0E9DCEA-9776-4379-84B1-297AB3A926BE}"
EndProject
Global
	GlobalSection(SolutionConfigurationPlatforms) = preSolution
		Debug|Any CPU = Debug|Any CPU
		Release|Any CPU = Release|Any CPU
	EndGlobalSection
	GlobalSection(ProjectConfigurationPlatforms) = postSolution
		{D0E9DCEA-9776-4379-84B1-297AB3A926BE}.Debug|Any CPU.Build.0 = Debug|Any CPU
		{D0E9DCEA-9776-4379-84B1-297AB3A926BE}.Debug|Any CPU.ActiveCfg = Debug|Any CPU
		{D0E9DCEA-9776-4379-84B1-297AB3A926BE}.Release|Any CPU.Build.0 = Release|Any CPU
		{D0E9DCEA-9776-4379-84B1-297AB3A926BE}.Release|Any CPU.ActiveCfg = Release|Any CPU
	EndGlobalSection
EndGlobal
