
Microsoft Visual Studio Solution File, Format Version 11.00
# Visual Studio 2010
# SharpDevelop 4.4
Project("{FD48973F-F585-4F70-812B-4D0503B36CE9}") = "favorite activity", "favorite activity\favorite activity.pyproj", "{65426DCD-1FF9-49D4-9BD2-11027453F10B}"
EndProject
Global
	GlobalSection(SolutionConfigurationPlatforms) = preSolution
		Debug|Any CPU = Debug|Any CPU
		Release|Any CPU = Release|Any CPU
	EndGlobalSection
	GlobalSection(ProjectConfigurationPlatforms) = postSolution
		{65426DCD-1FF9-49D4-9BD2-11027453F10B}.Debug|Any CPU.Build.0 = Debug|Any CPU
		{65426DCD-1FF9-49D4-9BD2-11027453F10B}.Debug|Any CPU.ActiveCfg = Debug|Any CPU
		{65426DCD-1FF9-49D4-9BD2-11027453F10B}.Release|Any CPU.Build.0 = Release|Any CPU
		{65426DCD-1FF9-49D4-9BD2-11027453F10B}.Release|Any CPU.ActiveCfg = Release|Any CPU
	EndGlobalSection
EndGlobal
