
Microsoft Visual Studio Solution File, Format Version 11.00
# Visual Studio 2010
# SharpDevelop 4.4
Project("{FD48973F-F585-4F70-812B-4D0503B36CE9}") = "Pg247Radio", "Pg247Radio\Pg247Radio.pyproj", "{B90D0E2C-D390-4BAE-AC77-8AE0B3052CF4}"
EndProject
Global
	GlobalSection(SolutionConfigurationPlatforms) = preSolution
		Debug|Any CPU = Debug|Any CPU
		Release|Any CPU = Release|Any CPU
	EndGlobalSection
	GlobalSection(ProjectConfigurationPlatforms) = postSolution
		{B90D0E2C-D390-4BAE-AC77-8AE0B3052CF4}.Debug|Any CPU.Build.0 = Debug|Any CPU
		{B90D0E2C-D390-4BAE-AC77-8AE0B3052CF4}.Debug|Any CPU.ActiveCfg = Debug|Any CPU
		{B90D0E2C-D390-4BAE-AC77-8AE0B3052CF4}.Release|Any CPU.Build.0 = Release|Any CPU
		{B90D0E2C-D390-4BAE-AC77-8AE0B3052CF4}.Release|Any CPU.ActiveCfg = Release|Any CPU
	EndGlobalSection
EndGlobal
