
Microsoft Visual Studio Solution File, Format Version 11.00
# Visual Studio 2010
# SharpDevelop 4.4
Project("{FD48973F-F585-4F70-812B-4D0503B36CE9}") = "Phone numbers", "Phone numbers\Phone numbers.pyproj", "{DE7F24B2-4A7E-4A6A-ABFD-685DD456D6A6}"
EndProject
Global
	GlobalSection(SolutionConfigurationPlatforms) = preSolution
		Debug|Any CPU = Debug|Any CPU
		Release|Any CPU = Release|Any CPU
	EndGlobalSection
	GlobalSection(ProjectConfigurationPlatforms) = postSolution
		{DE7F24B2-4A7E-4A6A-ABFD-685DD456D6A6}.Debug|Any CPU.Build.0 = Debug|Any CPU
		{DE7F24B2-4A7E-4A6A-ABFD-685DD456D6A6}.Debug|Any CPU.ActiveCfg = Debug|Any CPU
		{DE7F24B2-4A7E-4A6A-ABFD-685DD456D6A6}.Release|Any CPU.Build.0 = Release|Any CPU
		{DE7F24B2-4A7E-4A6A-ABFD-685DD456D6A6}.Release|Any CPU.ActiveCfg = Release|Any CPU
	EndGlobalSection
EndGlobal
