
Microsoft Visual Studio Solution File, Format Version 11.00
# Visual Studio 2010
# SharpDevelop 4.4
Project("{FD48973F-F585-4F70-812B-4D0503B36CE9}") = "Pong", "Pong\Pong.pyproj", "{CFF68F4D-06B1-4A3A-AB80-6273D8FAF2DB}"
EndProject
Global
	GlobalSection(SolutionConfigurationPlatforms) = preSolution
		Debug|Any CPU = Debug|Any CPU
		Release|Any CPU = Release|Any CPU
	EndGlobalSection
	GlobalSection(ProjectConfigurationPlatforms) = postSolution
		{CFF68F4D-06B1-4A3A-AB80-6273D8FAF2DB}.Debug|Any CPU.Build.0 = Debug|Any CPU
		{CFF68F4D-06B1-4A3A-AB80-6273D8FAF2DB}.Debug|Any CPU.ActiveCfg = Debug|Any CPU
		{CFF68F4D-06B1-4A3A-AB80-6273D8FAF2DB}.Release|Any CPU.Build.0 = Release|Any CPU
		{CFF68F4D-06B1-4A3A-AB80-6273D8FAF2DB}.Release|Any CPU.ActiveCfg = Release|Any CPU
	EndGlobalSection
EndGlobal
