
Microsoft Visual Studio Solution File, Format Version 11.00
# Visual Studio 2010
# SharpDevelop 4.4
Project("{FD48973F-F585-4F70-812B-4D0503B36CE9}") = "Prog119", "Prog119\Prog119.pyproj", "{062CD964-8668-438E-99E3-BCB3B56524B5}"
EndProject
Global
	GlobalSection(SolutionConfigurationPlatforms) = preSolution
		Debug|Any CPU = Debug|Any CPU
		Release|Any CPU = Release|Any CPU
	EndGlobalSection
	GlobalSection(ProjectConfigurationPlatforms) = postSolution
		{062CD964-8668-438E-99E3-BCB3B56524B5}.Debug|Any CPU.Build.0 = Debug|Any CPU
		{062CD964-8668-438E-99E3-BCB3B56524B5}.Debug|Any CPU.ActiveCfg = Debug|Any CPU
		{062CD964-8668-438E-99E3-BCB3B56524B5}.Release|Any CPU.Build.0 = Release|Any CPU
		{062CD964-8668-438E-99E3-BCB3B56524B5}.Release|Any CPU.ActiveCfg = Release|Any CPU
	EndGlobalSection
EndGlobal
